
Microsoft Visual Studio Solution File, Format Version 12.00
# Visual Studio Version 17
VisualStudioVersion = 17.1.32421.90
MinimumVisualStudioVersion = 10.0.40219.1
Project("{FAE04EC0-301F-11D3-BF4B-00C04F79EFBC}") = "LinearRev", "LinearRev.csproj", "{BA898695-D60B-497E-BD55-0228FC294C09}"
EndProject
Global
	GlobalSection(SolutionConfigurationPlatforms) = preSolution
		Debug|Any CPU = Debug|Any CPU
		Release|Any CPU = Release|Any CPU
	EndGlobalSection
	GlobalSection(ProjectConfigurationPlatforms) = postSolution
		{BA898695-D60B-497E-BD55-0228FC294C09}.Debug|Any CPU.ActiveCfg = Debug|Any CPU
		{BA898695-D60B-497E-BD55-0228FC294C09}.Debug|Any CPU.Build.0 = Debug|Any CPU
		{BA898695-D60B-497E-BD55-0228FC294C09}.Release|Any CPU.ActiveCfg = Release|Any CPU
		{BA898695-D60B-497E-BD55-0228FC294C09}.Release|Any CPU.Build.0 = Release|Any CPU
	EndGlobalSection
	GlobalSection(SolutionProperties) = preSolution
		HideSolutionNode = FALSE
	EndGlobalSection
	GlobalSection(ExtensibilityGlobals) = postSolution
		SolutionGuid = {5CC6A244-0EA2-4528-95F9-ECAE09A6370C}
	EndGlobalSection
EndGlobal
